// !$*UTF8*$!
{
	archiveVersion = 1;
	classes = {
	};
	objectVersion = 50;
	objects = {

/* Begin PBXBuildFile section */
		C1164F3C2214BAF700648E06 /* SDL2.framework in Frameworks */ = {isa = PBXBuildFile; fileRef = DDB02B5F2213431F00CA3EBD /* SDL2.framework */; };
		C1164F3D2214BB0C00648E06 /* SDL2_image.framework in Frameworks */ = {isa = PBXBuildFile; fileRef = DDB02B652213434100CA3EBD /* SDL2_image.framework */; };
		C1164F3E2214BB1E00648E06 /* SDL2_mixer.framework in Frameworks */ = {isa = PBXBuildFile; fileRef = DDB02B632213433A00CA3EBD /* SDL2_mixer.framework */; };
		C1164F3F2214BB2D00648E06 /* SDL2_ttf.framework in Frameworks */ = {isa = PBXBuildFile; fileRef = DDB02B612213433200CA3EBD /* SDL2_ttf.framework */; };
		DDB02B58221342FB00CA3EBD /* main.cpp in Sources */ = {isa = PBXBuildFile; fileRef = DDB02B57221342FB00CA3EBD /* main.cpp */; };
		DDCC211B222C93DE0077DBA7 /* labyrinth.cpp in Sources */ = {isa = PBXBuildFile; fileRef = DDCC211A222C93DE0077DBA7 /* labyrinth.cpp */; };
		DDCC211F22302EEB0077DBA7 /* rail.cpp in Sources */ = {isa = PBXBuildFile; fileRef = DDCC211E22302EEB0077DBA7 /* rail.cpp */; };
		DDCC2136223196240077DBA7 /* loadTexture.cpp in Sources */ = {isa = PBXBuildFile; fileRef = DDCC2135223196240077DBA7 /* loadTexture.cpp */; };
/* End PBXBuildFile section */

/* Begin PBXCopyFilesBuildPhase section */
		DDB02B52221342FB00CA3EBD /* CopyFiles */ = {
			isa = PBXCopyFilesBuildPhase;
			buildActionMask = 2147483647;
			dstPath = /usr/share/man/man1/;
			dstSubfolderSpec = 0;
			files = (
			);
			runOnlyForDeploymentPostprocessing = 1;
		};
/* End PBXCopyFilesBuildPhase section */

/* Begin PBXFileReference section */
		DDB02B54221342FB00CA3EBD /* simplified_pacman */ = {isa = PBXFileReference; explicitFileType = "compiled.mach-o.executable"; includeInIndex = 0; path = simplified_pacman; sourceTree = BUILT_PRODUCTS_DIR; };
		DDB02B57221342FB00CA3EBD /* main.cpp */ = {isa = PBXFileReference; lastKnownFileType = sourcecode.cpp.cpp; path = main.cpp; sourceTree = "<group>"; };
		DDB02B5F2213431F00CA3EBD /* SDL2.framework */ = {isa = PBXFileReference; lastKnownFileType = wrapper.framework; name = SDL2.framework; path = ../../../../../Library/Frameworks/SDL2.framework; sourceTree = "<group>"; };
		DDB02B612213433200CA3EBD /* SDL2_ttf.framework */ = {isa = PBXFileReference; lastKnownFileType = wrapper.framework; name = SDL2_ttf.framework; path = ../../../../../Library/Frameworks/SDL2_ttf.framework; sourceTree = "<group>"; };
		DDB02B632213433A00CA3EBD /* SDL2_mixer.framework */ = {isa = PBXFileReference; lastKnownFileType = wrapper.framework; name = SDL2_mixer.framework; path = ../../../../../Library/Frameworks/SDL2_mixer.framework; sourceTree = "<group>"; };
		DDB02B652213434100CA3EBD /* SDL2_image.framework */ = {isa = PBXFileReference; lastKnownFileType = wrapper.framework; name = SDL2_image.framework; path = ../../../../../Library/Frameworks/SDL2_image.framework; sourceTree = "<group>"; };
		DDB02B6D221349B600CA3EBD /* READEME.md */ = {isa = PBXFileReference; lastKnownFileType = net.daringfireball.markdown; path = READEME.md; sourceTree = "<group>"; };
		DDB02B6F221349D700CA3EBD /* READEME.md */ = {isa = PBXFileReference; lastKnownFileType = net.daringfireball.markdown; path = READEME.md; sourceTree = "<group>"; };
		DDB02B70221349E100CA3EBD /* READEME.md */ = {isa = PBXFileReference; lastKnownFileType = net.daringfireball.markdown; path = READEME.md; sourceTree = "<group>"; };
		DDB02B71221349EA00CA3EBD /* READEME.md */ = {isa = PBXFileReference; lastKnownFileType = net.daringfireball.markdown; path = READEME.md; sourceTree = "<group>"; };
		DDCC2119222C93C00077DBA7 /* labyrinth.h */ = {isa = PBXFileReference; lastKnownFileType = sourcecode.c.h; path = labyrinth.h; sourceTree = "<group>"; };
		DDCC211A222C93DE0077DBA7 /* labyrinth.cpp */ = {isa = PBXFileReference; lastKnownFileType = sourcecode.cpp.cpp; path = labyrinth.cpp; sourceTree = "<group>"; };
		DDCC211C222EE7FD0077DBA7 /* constants.h */ = {isa = PBXFileReference; lastKnownFileType = sourcecode.c.h; path = constants.h; sourceTree = "<group>"; };
		DDCC211D22302EDD0077DBA7 /* rail.h */ = {isa = PBXFileReference; lastKnownFileType = sourcecode.c.h; path = rail.h; sourceTree = "<group>"; };
		DDCC211E22302EEB0077DBA7 /* rail.cpp */ = {isa = PBXFileReference; lastKnownFileType = sourcecode.cpp.cpp; path = rail.cpp; sourceTree = "<group>"; };
		DDCC2134223196160077DBA7 /* loadTexture.h */ = {isa = PBXFileReference; lastKnownFileType = sourcecode.c.h; path = loadTexture.h; sourceTree = "<group>"; };
		DDCC2135223196240077DBA7 /* loadTexture.cpp */ = {isa = PBXFileReference; lastKnownFileType = sourcecode.cpp.cpp; path = loadTexture.cpp; sourceTree = "<group>"; };
		DDCC2137223197F40077DBA7 /* gameRenderer.hpp */ = {isa = PBXFileReference; lastKnownFileType = sourcecode.cpp.h; path = gameRenderer.hpp; sourceTree = "<group>"; };
/* End PBXFileReference section */

/* Begin PBXFrameworksBuildPhase section */
		DDB02B51221342FB00CA3EBD /* Frameworks */ = {
			isa = PBXFrameworksBuildPhase;
			buildActionMask = 2147483647;
			files = (
				C1164F3F2214BB2D00648E06 /* SDL2_ttf.framework in Frameworks */,
				C1164F3E2214BB1E00648E06 /* SDL2_mixer.framework in Frameworks */,
				C1164F3D2214BB0C00648E06 /* SDL2_image.framework in Frameworks */,
				C1164F3C2214BAF700648E06 /* SDL2.framework in Frameworks */,
			);
			runOnlyForDeploymentPostprocessing = 0;
		};
/* End PBXFrameworksBuildPhase section */

/* Begin PBXGroup section */
		DDB02B4B221342FB00CA3EBD = {
			isa = PBXGroup;
			children = (
				DDB02B56221342FB00CA3EBD /* simplified_pacman */,
				DDB02B55221342FB00CA3EBD /* Products */,
				DDB02B5E2213431F00CA3EBD /* Frameworks */,
			);
			sourceTree = "<group>";
		};
		DDB02B55221342FB00CA3EBD /* Products */ = {
			isa = PBXGroup;
			children = (
				DDB02B54221342FB00CA3EBD /* simplified_pacman */,
			);
			name = Products;
			sourceTree = "<group>";
		};
		DDB02B56221342FB00CA3EBD /* simplified_pacman */ = {
			isa = PBXGroup;
			children = (
				DDB02B682213493700CA3EBD /* src */,
				DDB02B672213491600CA3EBD /* data */,
			);
			path = simplified_pacman;
			sourceTree = "<group>";
		};
		DDB02B5E2213431F00CA3EBD /* Frameworks */ = {
			isa = PBXGroup;
			children = (
				DDB02B652213434100CA3EBD /* SDL2_image.framework */,
				DDB02B632213433A00CA3EBD /* SDL2_mixer.framework */,
				DDB02B612213433200CA3EBD /* SDL2_ttf.framework */,
				DDB02B5F2213431F00CA3EBD /* SDL2.framework */,
			);
			name = Frameworks;
			sourceTree = "<group>";
		};
		DDB02B672213491600CA3EBD /* data */ = {
			isa = PBXGroup;
			children = (
				DDB02B6C2213495E00CA3EBD /* fonts */,
				DDB02B6A2213494D00CA3EBD /* sounds */,
				DDB02B692213494600CA3EBD /* images */,
				DDB02B71221349EA00CA3EBD /* READEME.md */,
			);
			path = data;
			sourceTree = "<group>";
		};
		DDB02B682213493700CA3EBD /* src */ = {
			isa = PBXGroup;
			children = (
				DDCC211A222C93DE0077DBA7 /* labyrinth.cpp */,
				DDCC2119222C93C00077DBA7 /* labyrinth.h */,
				DDCC211C222EE7FD0077DBA7 /* constants.h */,
				DDCC211D22302EDD0077DBA7 /* rail.h */,
				DDCC211E22302EEB0077DBA7 /* rail.cpp */,
				DDB02B57221342FB00CA3EBD /* main.cpp */,
				DDCC2134223196160077DBA7 /* loadTexture.h */,
				DDCC2135223196240077DBA7 /* loadTexture.cpp */,
				DDCC2137223197F40077DBA7 /* gameRenderer.hpp */,
			);
			path = src;
			sourceTree = "<group>";
		};
		DDB02B692213494600CA3EBD /* images */ = {
			isa = PBXGroup;
			children = (
				DDB02B70221349E100CA3EBD /* READEME.md */,
			);
			path = images;
			sourceTree = "<group>";
		};
		DDB02B6A2213494D00CA3EBD /* sounds */ = {
			isa = PBXGroup;
			children = (
				DDB02B6F221349D700CA3EBD /* READEME.md */,
			);
			path = sounds;
			sourceTree = "<group>";
		};
		DDB02B6C2213495E00CA3EBD /* fonts */ = {
			isa = PBXGroup;
			children = (
				DDB02B6D221349B600CA3EBD /* READEME.md */,
			);
			path = fonts;
			sourceTree = "<group>";
		};
/* End PBXGroup section */

/* Begin PBXNativeTarget section */
		DDB02B53221342FB00CA3EBD /* simplified_pacman */ = {
			isa = PBXNativeTarget;
			buildConfigurationList = DDB02B5B221342FB00CA3EBD /* Build configuration list for PBXNativeTarget "simplified_pacman" */;
			buildPhases = (
				DDB02B50221342FB00CA3EBD /* Sources */,
				DDB02B51221342FB00CA3EBD /* Frameworks */,
				DDB02B52221342FB00CA3EBD /* CopyFiles */,
			);
			buildRules = (
			);
			dependencies = (
			);
			name = simplified_pacman;
			productName = simplified_pacman;
			productReference = DDB02B54221342FB00CA3EBD /* simplified_pacman */;
			productType = "com.apple.product-type.tool";
		};
/* End PBXNativeTarget section */

/* Begin PBXProject section */
		DDB02B4C221342FB00CA3EBD /* Project object */ = {
			isa = PBXProject;
			attributes = {
				LastUpgradeCheck = 1010;
				ORGANIZATIONNAME = Sparkles;
				TargetAttributes = {
					DDB02B53221342FB00CA3EBD = {
						CreatedOnToolsVersion = 10.1;
					};
				};
			};
			buildConfigurationList = DDB02B4F221342FB00CA3EBD /* Build configuration list for PBXProject "simplified_pacman" */;
			compatibilityVersion = "Xcode 9.3";
			developmentRegion = en;
			hasScannedForEncodings = 0;
			knownRegions = (
				en,
			);
			mainGroup = DDB02B4B221342FB00CA3EBD;
			productRefGroup = DDB02B55221342FB00CA3EBD /* Products */;
			projectDirPath = "";
			projectRoot = "";
			targets = (
				DDB02B53221342FB00CA3EBD /* simplified_pacman */,
			);
		};
/* End PBXProject section */

/* Begin PBXSourcesBuildPhase section */
		DDB02B50221342FB00CA3EBD /* Sources */ = {
			isa = PBXSourcesBuildPhase;
			buildActionMask = 2147483647;
			files = (
				DDB02B58221342FB00CA3EBD /* main.cpp in Sources */,
				DDCC2136223196240077DBA7 /* loadTexture.cpp in Sources */,
				DDCC211B222C93DE0077DBA7 /* labyrinth.cpp in Sources */,
				DDCC211F22302EEB0077DBA7 /* rail.cpp in Sources */,
			);
			runOnlyForDeploymentPostprocessing = 0;
		};
/* End PBXSourcesBuildPhase section */

/* Begin XCBuildConfiguration section */
		DDB02B59221342FB00CA3EBD /* Debug */ = {
			isa = XCBuildConfiguration;
			buildSettings = {
				ALWAYS_SEARCH_USER_PATHS = NO;
				CLANG_ANALYZER_NONNULL = YES;
				CLANG_ANALYZER_NUMBER_OBJECT_CONVERSION = YES_AGGRESSIVE;
				CLANG_CXX_LANGUAGE_STANDARD = "gnu++14";
				CLANG_CXX_LIBRARY = "libc++";
				CLANG_ENABLE_MODULES = YES;
				CLANG_ENABLE_OBJC_ARC = YES;
				CLANG_ENABLE_OBJC_WEAK = YES;
				CLANG_WARN_BLOCK_CAPTURE_AUTORELEASING = YES;
				CLANG_WARN_BOOL_CONVERSION = YES;
				CLANG_WARN_COMMA = YES;
				CLANG_WARN_CONSTANT_CONVERSION = YES;
				CLANG_WARN_DEPRECATED_OBJC_IMPLEMENTATIONS = YES;
				CLANG_WARN_DIRECT_OBJC_ISA_USAGE = YES_ERROR;
				CLANG_WARN_DOCUMENTATION_COMMENTS = YES;
				CLANG_WARN_EMPTY_BODY = YES;
				CLANG_WARN_ENUM_CONVERSION = YES;
				CLANG_WARN_INFINITE_RECURSION = YES;
				CLANG_WARN_INT_CONVERSION = YES;
				CLANG_WARN_NON_LITERAL_NULL_CONVERSION = YES;
				CLANG_WARN_OBJC_IMPLICIT_RETAIN_SELF = YES;
				CLANG_WARN_OBJC_LITERAL_CONVERSION = YES;
				CLANG_WARN_OBJC_ROOT_CLASS = YES_ERROR;
				CLANG_WARN_RANGE_LOOP_ANALYSIS = YES;
				CLANG_WARN_STRICT_PROTOTYPES = YES;
				CLANG_WARN_SUSPICIOUS_MOVE = YES;
				CLANG_WARN_UNGUARDED_AVAILABILITY = YES_AGGRESSIVE;
				CLANG_WARN_UNREACHABLE_CODE = YES;
				CLANG_WARN__DUPLICATE_METHOD_MATCH = YES;
				CODE_SIGN_IDENTITY = "-";
				COPY_PHASE_STRIP = NO;
				DEBUG_INFORMATION_FORMAT = dwarf;
				ENABLE_STRICT_OBJC_MSGSEND = YES;
				ENABLE_TESTABILITY = YES;
				GCC_C_LANGUAGE_STANDARD = gnu11;
				GCC_DYNAMIC_NO_PIC = NO;
				GCC_NO_COMMON_BLOCKS = YES;
				GCC_OPTIMIZATION_LEVEL = 0;
				GCC_PREPROCESSOR_DEFINITIONS = (
					"DEBUG=1",
					"$(inherited)",
				);
				GCC_WARN_64_TO_32_BIT_CONVERSION = YES;
				GCC_WARN_ABOUT_RETURN_TYPE = YES_ERROR;
				GCC_WARN_UNDECLARED_SELECTOR = YES;
				GCC_WARN_UNINITIALIZED_AUTOS = YES_AGGRESSIVE;
				GCC_WARN_UNUSED_FUNCTION = YES;
				GCC_WARN_UNUSED_VARIABLE = YES;
				MACOSX_DEPLOYMENT_TARGET = 10.14;
				MTL_ENABLE_DEBUG_INFO = INCLUDE_SOURCE;
				MTL_FAST_MATH = YES;
				ONLY_ACTIVE_ARCH = YES;
				SDKROOT = macosx;
			};
			name = Debug;
		};
		DDB02B5A221342FB00CA3EBD /* Release */ = {
			isa = XCBuildConfiguration;
			buildSettings = {
				ALWAYS_SEARCH_USER_PATHS = NO;
				CLANG_ANALYZER_NONNULL = YES;
				CLANG_ANALYZER_NUMBER_OBJECT_CONVERSION = YES_AGGRESSIVE;
				CLANG_CXX_LANGUAGE_STANDARD = "gnu++14";
				CLANG_CXX_LIBRARY = "libc++";
				CLANG_ENABLE_MODULES = YES;
				CLANG_ENABLE_OBJC_ARC = YES;
				CLANG_ENABLE_OBJC_WEAK = YES;
				CLANG_WARN_BLOCK_CAPTURE_AUTORELEASING = YES;
				CLANG_WARN_BOOL_CONVERSION = YES;
				CLANG_WARN_COMMA = YES;
				CLANG_WARN_CONSTANT_CONVERSION = YES;
				CLANG_WARN_DEPRECATED_OBJC_IMPLEMENTATIONS = YES;
				CLANG_WARN_DIRECT_OBJC_ISA_USAGE = YES_ERROR;
				CLANG_WARN_DOCUMENTATION_COMMENTS = YES;
				CLANG_WARN_EMPTY_BODY = YES;
				CLANG_WARN_ENUM_CONVERSION = YES;
				CLANG_WARN_INFINITE_RECURSION = YES;
				CLANG_WARN_INT_CONVERSION = YES;
				CLANG_WARN_NON_LITERAL_NULL_CONVERSION = YES;
				CLANG_WARN_OBJC_IMPLICIT_RETAIN_SELF = YES;
				CLANG_WARN_OBJC_LITERAL_CONVERSION = YES;
				CLANG_WARN_OBJC_ROOT_CLASS = YES_ERROR;
				CLANG_WARN_RANGE_LOOP_ANALYSIS = YES;
				CLANG_WARN_STRICT_PROTOTYPES = YES;
				CLANG_WARN_SUSPICIOUS_MOVE = YES;
				CLANG_WARN_UNGUARDED_AVAILABILITY = YES_AGGRESSIVE;
				CLANG_WARN_UNREACHABLE_CODE = YES;
				CLANG_WARN__DUPLICATE_METHOD_MATCH = YES;
				CODE_SIGN_IDENTITY = "-";
				COPY_PHASE_STRIP = NO;
				DEBUG_INFORMATION_FORMAT = "dwarf-with-dsym";
				ENABLE_NS_ASSERTIONS = NO;
				ENABLE_STRICT_OBJC_MSGSEND = YES;
				GCC_C_LANGUAGE_STANDARD = gnu11;
				GCC_NO_COMMON_BLOCKS = YES;
				GCC_WARN_64_TO_32_BIT_CONVERSION = YES;
				GCC_WARN_ABOUT_RETURN_TYPE = YES_ERROR;
				GCC_WARN_UNDECLARED_SELECTOR = YES;
				GCC_WARN_UNINITIALIZED_AUTOS = YES_AGGRESSIVE;
				GCC_WARN_UNUSED_FUNCTION = YES;
				GCC_WARN_UNUSED_VARIABLE = YES;
				MACOSX_DEPLOYMENT_TARGET = 10.14;
				MTL_ENABLE_DEBUG_INFO = NO;
				MTL_FAST_MATH = YES;
				SDKROOT = macosx;
			};
			name = Release;
		};
		DDB02B5C221342FB00CA3EBD /* Debug */ = {
			isa = XCBuildConfiguration;
			buildSettings = {
				CODE_SIGN_STYLE = Automatic;
				FRAMEWORK_SEARCH_PATHS = (
					"$(inherited)",
					"$(LOCAL_LIBRARY_DIR)/Frameworks",
				);
				PRODUCT_NAME = "$(TARGET_NAME)";
			};
			name = Debug;
		};
		DDB02B5D221342FB00CA3EBD /* Release */ = {
			isa = XCBuildConfiguration;
			buildSettings = {
				CODE_SIGN_STYLE = Automatic;
				FRAMEWORK_SEARCH_PATHS = (
					"$(inherited)",
					"$(LOCAL_LIBRARY_DIR)/Frameworks",
				);
				PRODUCT_NAME = "$(TARGET_NAME)";
			};
			name = Release;
		};
/* End XCBuildConfiguration section */

/* Begin XCConfigurationList section */
		DDB02B4F221342FB00CA3EBD /* Build configuration list for PBXProject "simplified_pacman" */ = {
			isa = XCConfigurationList;
			buildConfigurations = (
				DDB02B59221342FB00CA3EBD /* Debug */,
				DDB02B5A221342FB00CA3EBD /* Release */,
			);
			defaultConfigurationIsVisible = 0;
			defaultConfigurationName = Release;
		};
		DDB02B5B221342FB00CA3EBD /* Build configuration list for PBXNativeTarget "simplified_pacman" */ = {
			isa = XCConfigurationList;
			buildConfigurations = (
				DDB02B5C221342FB00CA3EBD /* Debug */,
				DDB02B5D221342FB00CA3EBD /* Release */,
			);
			defaultConfigurationIsVisible = 0;
			defaultConfigurationName = Release;
		};
/* End XCConfigurationList section */
	};
	rootObject = DDB02B4C221342FB00CA3EBD /* Project object */;
}
